
Microsoft Visual Studio Solution File, Format Version 12.00
# Visual Studio 15
VisualStudioVersion = 15.0.26430.16
MinimumVisualStudioVersion = 10.0.40219.1
Project("{FAE04EC0-301F-11D3-BF4B-00C04F79EFBC}") = "NicksApp.Web", "NicksApp\NicksApp.Web.csproj", "{3CAE57E9-2944-4D67-B186-17DDB149CDEC}"
	ProjectSection(ProjectDependencies) = postProject
		{B55965D8-DC5E-42FA-AF02-9CA8668B9C14} = {B55965D8-DC5E-42FA-AF02-9CA8668B9C14}
	EndProjectSection
EndProject
Project("{FAE04EC0-301F-11D3-BF4B-00C04F79EFBC}") = "NicksApp.Domain", "NicksApp.Domain\NicksApp.Domain.csproj", "{B55965D8-DC5E-42FA-AF02-9CA8668B9C14}"
EndProject
Global
	GlobalSection(SolutionConfigurationPlatforms) = preSolution
		Debug|Any CPU = Debug|Any CPU
		Release|Any CPU = Release|Any CPU
	EndGlobalSection
	GlobalSection(ProjectConfigurationPlatforms) = postSolution
		{3CAE57E9-2944-4D67-B186-17DDB149CDEC}.Debug|Any CPU.ActiveCfg = Debug|Any CPU
		{3CAE57E9-2944-4D67-B186-17DDB149CDEC}.Debug|Any CPU.Build.0 = Debug|Any CPU
		{3CAE57E9-2944-4D67-B186-17DDB149CDEC}.Release|Any CPU.ActiveCfg = Release|Any CPU
		{3CAE57E9-2944-4D67-B186-17DDB149CDEC}.Release|Any CPU.Build.0 = Release|Any CPU
		{B55965D8-DC5E-42FA-AF02-9CA8668B9C14}.Debug|Any CPU.ActiveCfg = Debug|Any CPU
		{B55965D8-DC5E-42FA-AF02-9CA8668B9C14}.Debug|Any CPU.Build.0 = Debug|Any CPU
		{B55965D8-DC5E-42FA-AF02-9CA8668B9C14}.Release|Any CPU.ActiveCfg = Release|Any CPU
		{B55965D8-DC5E-42FA-AF02-9CA8668B9C14}.Release|Any CPU.Build.0 = Release|Any CPU
	EndGlobalSection
	GlobalSection(SolutionProperties) = preSolution
		HideSolutionNode = FALSE
	EndGlobalSection
EndGlobal
